
Microsoft Visual Studio Solution File, Format Version 12.00
# Visual Studio Version 16
VisualStudioVersion = 16.0.29926.136
MinimumVisualStudioVersion = 10.0.40219.1
Project("{FAE04EC0-301F-11D3-BF4B-00C04F79EFBC}") = "SampleEXE", "SampleEXE.csproj", "{529F13F4-7DD5-4359-83E5-FD163286A73C}"
EndProject
Global
	GlobalSection(SolutionConfigurationPlatforms) = preSolution
		Debug|Any CPU = Debug|Any CPU
		Release|Any CPU = Release|Any CPU
	EndGlobalSection
	GlobalSection(ProjectConfigurationPlatforms) = postSolution
		{529F13F4-7DD5-4359-83E5-FD163286A73C}.Debug|Any CPU.ActiveCfg = Debug|Any CPU
		{529F13F4-7DD5-4359-83E5-FD163286A73C}.Debug|Any CPU.Build.0 = Debug|Any CPU
		{529F13F4-7DD5-4359-83E5-FD163286A73C}.Release|Any CPU.ActiveCfg = Release|Any CPU
		{529F13F4-7DD5-4359-83E5-FD163286A73C}.Release|Any CPU.Build.0 = Release|Any CPU
	EndGlobalSection
	GlobalSection(SolutionProperties) = preSolution
		HideSolutionNode = FALSE
	EndGlobalSection
	GlobalSection(ExtensibilityGlobals) = postSolution
		SolutionGuid = {49507535-BA85-4F7F-AEE5-42A5650CF895}
	EndGlobalSection
EndGlobal
